{"SurveyEntry":{"SurveyID":"SV_3UWpl6TFQugIDpc","SurveyName":"Tremoliere_generalizability_score","SurveyDescription":null,"SurveyOwnerID":"UR_7NvyjQ0K7k1Pg6V","SurveyBrandID":"cornell","DivisionID":null,"SurveyLanguage":"EN","SurveyActiveResponseSet":"RS_4YppFKAHVzEEbhI","SurveyStatus":"Active","SurveyStartDate":"0000-00-00 00:00:00","SurveyExpirationDate":"0000-00-00 00:00:00","SurveyCreationDate":"2021-10-31 11:57:47","CreatorID":"UR_7NvyjQ0K7k1Pg6V","LastModified":"2022-01-30 14:06:17","LastAccessed":"0000-00-00 00:00:00","LastActivated":"2021-12-16 13:05:23","Deleted":null},"SurveyElements":[{"SurveyID":"SV_3UWpl6TFQugIDpc","Element":"BL","PrimaryAttribute":"Survey Blocks","SecondaryAttribute":null,"TertiaryAttribute":null,"Payload":{"0":{"Type":"Default","Description":"consent","ID":"BL_798iqlTA0gjOuoK","BlockElements":[{"Type":"Question","QuestionID":"QID1"}],"Options":{"BlockLocking":"false","RandomizeQuestions":"false","BlockVisibility":"Collapsed"}},"1":{"Type":"Trash","Description":"Trash \/ Unused Questions","ID":"BL_00vnCY9bPBaNDfw","BlockElements":[{"Type":"Question","QuestionID":"QID5"},{"Type":"Question","QuestionID":"QID6"},{"Type":"Question","QuestionID":"QID7"},{"Type":"Question","QuestionID":"QID2"},{"Type":"Question","QuestionID":"QID19"},{"Type":"Question","QuestionID":"QID8"},{"Type":"Question","QuestionID":"QID9"},{"Type":"Question","QuestionID":"QID10"},{"Type":"Question","QuestionID":"QID11"},{"Type":"Question","QuestionID":"QID12"}]},"2":{"Type":"Standard","SubType":"","Description":"attn","ID":"BL_0OFg0isOTaWMEAu","BlockElements":[{"Type":"Question","QuestionID":"QID3"}],"Options":{"BlockLocking":"false","RandomizeQuestions":"false","BlockVisibility":"Collapsed"}},"3":{"Type":"Standard","SubType":"","Description":"Overview","ID":"BL_6xSUBx8s95vg8g6","BlockElements":[{"Type":"Question","QuestionID":"QID4"}],"Options":{"BlockLocking":"false","RandomizeQuestions":"false","BlockVisibility":"Collapsed"}},"5":{"Type":"Standard","SubType":"","Description":"harm_conflict","ID":"BL_0cyQp8RG6NbcEZ0","BlockElements":[{"Type":"Question","QuestionID":"QID23"},{"Type":"Question","QuestionID":"QID24"}],"Options":{"BlockLocking":false,"RandomizeQuestions":"false","BlockVisibility":"Collapsed"}},"6":{"Type":"Standard","SubType":"","Description":"demographics","ID":"BL_eLEKompbf1U2ayy","BlockElements":[{"Type":"Question","QuestionID":"QID13"},{"Type":"Question","QuestionID":"QID14"},{"Type":"Question","QuestionID":"QID15"},{"Type":"Question","QuestionID":"QID16"},{"Type":"Question","QuestionID":"QID17"},{"Type":"Question","QuestionID":"QID18"},{"Type":"Question","QuestionID":"QID20"}],"Options":{"BlockLocking":"false","RandomizeQuestions":"false","BlockVisibility":"Expanded"}},"7":{"Type":"Standard","SubType":"","Description":"salience_manipulation","ID":"BL_006lyRWammw2V6e","BlockElements":[{"Type":"Question","QuestionID":"QID21"},{"Type":"Question","QuestionID":"QID22"}],"Options":{"BlockLocking":"false","RandomizeQuestions":"false","BlockVisibility":"Collapsed"}},"8":{"Type":"Standard","SubType":"","Description":"harm_noconflict","ID":"BL_74HCLZxK0qa7Uxg","BlockElements":[{"Type":"Question","QuestionID":"QID25"},{"Type":"Question","QuestionID":"QID26"}],"Options":{"BlockLocking":false,"RandomizeQuestions":"false","BlockVisibility":"Collapsed"}},"9":{"Type":"Standard","SubType":"","Description":"IB_conflict","ID":"BL_6LOOJuxxNgSMTzw","BlockElements":[{"Type":"Question","QuestionID":"QID27"},{"Type":"Question","QuestionID":"QID28"}],"Options":{"BlockLocking":false,"RandomizeQuestions":"false","BlockVisibility":"Collapsed"}},"10":{"Type":"Standard","SubType":"","Description":"IB_noconflict","ID":"BL_71cZ1a1m5k4cTQ2","BlockElements":[{"Type":"Question","QuestionID":"QID29"},{"Type":"Question","QuestionID":"QID30"}],"Options":{"BlockLocking":false,"RandomizeQuestions":"false","BlockVisibility":"Collapsed"}}}},{"SurveyID":"SV_3UWpl6TFQugIDpc","Element":"FL","PrimaryAttribute":"Survey Flow","SecondaryAttribute":null,"TertiaryAttribute":null,"Payload":{"Type":"Root","FlowID":"FL_1","Flow":[{"Type":"Block","ID":"BL_798iqlTA0gjOuoK","FlowID":"FL_2","Autofill":[]},{"Type":"Branch","FlowID":"FL_3","Description":"New Branch","BranchLogic":{"0":{"0":{"LogicType":"Question","QuestionID":"QID1","QuestionIsInLoop":"no","ChoiceLocator":"q:\/\/QID1\/SelectableChoice\/1","Operator":"Selected","QuestionIDFromLocator":"QID1","LeftOperand":"q:\/\/QID1\/SelectableChoice\/1","Type":"Expression","Description":"<span class=\"ConjDesc\">If<\/span> <span class=\"QuestionDesc\">Social Judgments of Organizations\r\nInformed Consent\r\n\r\nWe are asking you to participate in a research study titled \u201cSocial Judgments of Organizations\u201d. We will describe this study to you and answer...<\/span> <span class=\"LeftOpDesc\">DECLINE and leave study<\/span> <span class=\"OpDesc\">Is Selected<\/span> "},"Type":"If"},"Type":"BooleanExpression"},"Flow":[{"Type":"EndSurvey","FlowID":"FL_4","EndingType":"Advanced","Options":{"Advanced":"true","SurveyTermination":"DisplayMessage","EOSMessageLibrary":"UR_7NvyjQ0K7k1Pg6V","EOSMessage":"MS_d0ZaE03ihzpZVdP"}}]},{"Type":"Standard","ID":"BL_0OFg0isOTaWMEAu","FlowID":"FL_5","Autofill":[]},{"Type":"Branch","FlowID":"FL_6","Description":"New Branch","BranchLogic":{"0":{"0":{"LogicType":"Question","QuestionID":"QID3","QuestionIsInLoop":"no","ChoiceLocator":"q:\/\/QID3\/ChoiceTextEntryValue","Operator":"NotEqualTo","QuestionIDFromLocator":"QID3","LeftOperand":"q:\/\/QID3\/ChoiceTextEntryValue","RightOperand":"c","IgnoreCase":1,"Type":"Expression","Description":"<span class=\"ConjDesc\">If<\/span> <span class=\"QuestionDesc\">Please type the letter on the Apple into the box below.<\/span> <span class=\"LeftOpDesc\">Text Response<\/span> <span class=\"OpDesc\">Is Not Equal to<\/span> <span class=\"RightOpDesc\"> c <\/span>"},"Type":"If"},"Type":"BooleanExpression"},"Flow":[{"Type":"EndSurvey","FlowID":"FL_7","EndingType":"Advanced","Options":{"Advanced":"true","SurveyTermination":"DisplayMessage","EOSMessageLibrary":"UR_7NvyjQ0K7k1Pg6V","EOSMessage":"MS_3elPiWyJp6nUsrr"}}]},{"Type":"BlockRandomizer","FlowID":"FL_10","SubSet":1,"EvenPresentation":true,"Flow":[{"Type":"EmbeddedData","FlowID":"FL_11","EmbeddedData":[{"Description":"cond","Type":"Custom","Field":"cond","VariableType":"String","DataVisibility":[],"AnalyzeText":false,"Value":"1"},{"Description":"salience","Type":"Custom","Field":"salience","VariableType":"String","DataVisibility":[],"AnalyzeText":false,"Value":"death"}]},{"Type":"EmbeddedData","FlowID":"FL_12","EmbeddedData":[{"Description":"cond","Type":"Custom","Field":"cond","VariableType":"String","DataVisibility":[],"AnalyzeText":false,"Value":"2"},{"Description":"salience","Type":"Custom","Field":"salience","VariableType":"String","DataVisibility":[],"AnalyzeText":false,"Value":"pain"}]}]},{"Type":"Standard","ID":"BL_6xSUBx8s95vg8g6","FlowID":"FL_8","Autofill":[]},{"Type":"Standard","ID":"BL_006lyRWammw2V6e","FlowID":"FL_17","Autofill":[]},{"Type":"BlockRandomizer","FlowID":"FL_26","SubSet":2,"EvenPresentation":true,"Flow":[{"Type":"Standard","ID":"BL_6LOOJuxxNgSMTzw","FlowID":"FL_23","Autofill":[]},{"Type":"Standard","ID":"BL_71cZ1a1m5k4cTQ2","FlowID":"FL_24","Autofill":[]}]},{"Type":"Standard","ID":"BL_eLEKompbf1U2ayy","FlowID":"FL_15","Autofill":[]},{"Type":"EndSurvey","FlowID":"FL_16","EndingType":"Advanced","Options":{"Advanced":"true","SurveyTermination":"DisplayMessage","EOSMessageLibrary":"UR_7NvyjQ0K7k1Pg6V","EOSMessage":"MS_3Da7jBCcfcDFhtj"}}],"Properties":{"Count":26,"RemovedFieldsets":[]}}},{"SurveyID":"SV_3UWpl6TFQugIDpc","Element":"RS","PrimaryAttribute":"RS_4YppFKAHVzEEbhI","SecondaryAttribute":null,"TertiaryAttribute":null,"Payload":null},{"SurveyID":"SV_3UWpl6TFQugIDpc","Element":"SO","PrimaryAttribute":"Survey Options","SecondaryAttribute":null,"TertiaryAttribute":null,"Payload":{"BackButton":"false","SaveAndContinue":"true","SurveyProtection":"PublicSurvey","BallotBoxStuffingPrevention":"false","NoIndex":"Yes","SecureResponseFiles":"true","SurveyExpiration":"None","SurveyTermination":"DefaultMessage","Header":"","Footer":"","ProgressBarDisplay":"None","PartialData":"+1 week","ValidationMessage":"","PreviousButton":"","NextButton":"","SurveyTitle":"Qualtrics Survey | Qualtrics Experience Management","SkinLibrary":"cornell","SkinType":"MQ","Skin":"skin1_update","NewScoring":1,"SurveyName":"Tremoliere_generalizability_score","ProtectSelectionIds":true}},{"SurveyID":"SV_3UWpl6TFQugIDpc","Element":"SCO","PrimaryAttribute":"Scoring","SecondaryAttribute":null,"TertiaryAttribute":null,"Payload":{"ScoringCategories":[],"ScoringCategoryGroups":[],"ScoringSummaryCategory":null,"ScoringSummaryAfterQuestions":0,"ScoringSummaryAfterSurvey":0,"DefaultScoringCategory":null,"AutoScoringCategory":null}},{"SurveyID":"SV_3UWpl6TFQugIDpc","Element":"PROJ","PrimaryAttribute":"CORE","SecondaryAttribute":null,"TertiaryAttribute":"1.1.0","Payload":{"ProjectCategory":"CORE","SchemaVersion":"1.1.0"}},{"SurveyID":"SV_3UWpl6TFQugIDpc","Element":"STAT","PrimaryAttribute":"Survey Statistics","SecondaryAttribute":null,"TertiaryAttribute":null,"Payload":{"MobileCompatible":true,"ID":"Survey Statistics"}},{"SurveyID":"SV_3UWpl6TFQugIDpc","Element":"QC","PrimaryAttribute":"Survey Question Count","SecondaryAttribute":"30","TertiaryAttribute":null,"Payload":null},{"SurveyID":"SV_3UWpl6TFQugIDpc","Element":"SQ","PrimaryAttribute":"QID17","SecondaryAttribute":"Annual household income","TertiaryAttribute":null,"Payload":{"QuestionText":"Annual household income","DefaultChoices":false,"DataExportTag":"income","QuestionType":"TE","Selector":"SL","DataVisibility":{"Private":false,"Hidden":false},"Configuration":{"QuestionDescriptionOption":"UseText"},"QuestionDescription":"Annual household income","Validation":{"Settings":{"ForceResponse":"RequestResponse","ForceResponseType":"RequestResponse","Type":"None"}},"GradingData":[],"Language":[],"NextChoiceId":4,"NextAnswerId":1,"SearchSource":{"AllowFreeResponse":"false"},"QuestionID":"QID17"}},{"SurveyID":"SV_3UWpl6TFQugIDpc","Element":"SQ","PrimaryAttribute":"QID12","SecondaryAttribute":"As Sigma's CEO, what would be the best way to maximize profits for the firm?","TertiaryAttribute":null,"Payload":{"QuestionText":"As Sigma's CEO, what would be the best way to maximize profits for the firm?","DefaultChoices":false,"DataExportTag":"profit2","QuestionType":"MC","Selector":"SAHR","SubSelector":"TX","DataVisibility":{"Private":false,"Hidden":false},"Configuration":{"QuestionDescriptionOption":"UseText","LabelPosition":"BELOW"},"QuestionDescription":"As Sigma's CEO, what would be the best way to maximize profits for the firm?","Choices":{"1":{"Display":"Much more profitable to keep current practices<br>(-3)"},"2":{"Display":"(-2)"},"3":{"Display":"(-1)"},"4":{"Display":"No difference<br>(0)"},"5":{"Display":"(1)"},"6":{"Display":"(2)"},"7":{"Display":"Much more profitable to adopt new practices<br>(3)"}},"ChoiceOrder":[1,2,3,4,5,6,7],"Validation":{"Settings":{"ForceResponse":"RequestResponse","ForceResponseType":"RequestResponse","Type":"None"}},"RecodeValues":{"1":"-3","2":"-2","3":"-1","4":"0","5":"1","6":"2","7":"3"},"GradingData":[],"Language":[],"NextChoiceId":8,"NextAnswerId":1,"QuestionID":"QID12"}},{"SurveyID":"SV_3UWpl6TFQugIDpc","Element":"SQ","PrimaryAttribute":"QID22","SecondaryAttribute":"Before we begin, please briefly describe the emotions that the thought of extreme pain arouses in...","TertiaryAttribute":null,"Payload":{"QuestionText":"Before we begin, please briefly describe the emotions that the thought of extreme pain arouses in you.&nbsp;<div><br><\/div><div>Jot down, as specifically as you can, what you think will happen to you physically when you experience extreme pain.<\/div>","DefaultChoices":false,"DataExportTag":"pain_salience","QuestionType":"TE","Selector":"ESTB","DataVisibility":{"Private":false,"Hidden":false},"Configuration":{"QuestionDescriptionOption":"UseText","InputWidth":680,"InputHeight":169},"QuestionDescription":"Before we begin, please briefly describe the emotions that the thought of extreme pain arouses in...","Validation":{"Settings":{"ForceResponse":"ON","ForceResponseType":"ON","Type":"None"}},"GradingData":[],"Language":[],"NextChoiceId":4,"NextAnswerId":1,"SearchSource":{"AllowFreeResponse":"false"},"QuestionID":"QID22","DisplayLogic":{"0":{"0":{"LogicType":"EmbeddedField","LeftOperand":"cond","Operator":"EqualTo","RightOperand":"2","Type":"Expression","Description":"<span class=\"ConjDesc\">If<\/span>  <span class=\"LeftOpDesc\">cond<\/span> <span class=\"OpDesc\">Is Equal to<\/span> <span class=\"RightOpDesc\"> 2 <\/span>"},"Type":"If"},"Type":"BooleanExpression","inPage":false}}},{"SurveyID":"SV_3UWpl6TFQugIDpc","Element":"SQ","PrimaryAttribute":"QID21","SecondaryAttribute":"Before we begin, please briefly describe the emotions that the thought of your own death arouses...","TertiaryAttribute":null,"Payload":{"QuestionText":"Before we begin, please briefly describe the emotions that the thought of your own death arouses in you.&nbsp;<div><br><\/div><div>Jot down, as specifically as you can, what you think will happen to you physically as you die and once you are physically dead.<\/div>","DefaultChoices":false,"DataExportTag":"death_salience","QuestionType":"TE","Selector":"ESTB","Configuration":{"QuestionDescriptionOption":"UseText","InputWidth":680,"InputHeight":169},"QuestionDescription":"Before we begin, please briefly describe the emotions that the thought of your own death arouses...","Validation":{"Settings":{"ForceResponse":"ON","ForceResponseType":"ON","Type":"None"}},"GradingData":[],"Language":[],"NextChoiceId":4,"NextAnswerId":1,"SearchSource":{"AllowFreeResponse":"false"},"QuestionID":"QID21","DataVisibility":{"Private":false,"Hidden":false},"DisplayLogic":{"0":{"0":{"LogicType":"EmbeddedField","LeftOperand":"cond","Operator":"EqualTo","RightOperand":"1","Type":"Expression","Description":"<span class=\"ConjDesc\">If<\/span>  <span class=\"LeftOpDesc\">cond<\/span> <span class=\"OpDesc\">Is Equal to<\/span> <span class=\"RightOpDesc\"> 1 <\/span>"},"Type":"If"},"Type":"BooleanExpression","inPage":false}}},{"SurveyID":"SV_3UWpl6TFQugIDpc","Element":"SQ","PrimaryAttribute":"QID2","SecondaryAttribute":"Click to write the question text","TertiaryAttribute":null,"Payload":{"QuestionText":"Click to write the question text","DataExportTag":"Q2","QuestionType":"MC","Selector":"SAVR","SubSelector":"TX","Configuration":{"QuestionDescriptionOption":"UseText"},"QuestionDescription":"Click to write the question text","Choices":{"1":{"Display":"Click to write Choice 1"},"2":{"Display":"Click to write Choice 2"},"3":{"Display":"Click to write Choice 3"}},"ChoiceOrder":["1","2","3"],"Validation":{"Settings":{"ForceResponse":"OFF","Type":"None"}},"Language":[],"NextChoiceId":4,"NextAnswerId":1,"QuestionID":"QID2"}},{"SurveyID":"SV_3UWpl6TFQugIDpc","Element":"SQ","PrimaryAttribute":"QID11","SecondaryAttribute":"Compared with its current practices, how would the new proposed practices affect Sigma's profits...","TertiaryAttribute":null,"Payload":{"QuestionText":"Compared with its current practices, how would the new proposed practices affect Sigma's profits over the next 5 years?","DefaultChoices":false,"DataExportTag":"profit1","QuestionType":"MC","Selector":"SAHR","SubSelector":"TX","Configuration":{"QuestionDescriptionOption":"UseText","LabelPosition":"BELOW"},"QuestionDescription":"Compared with its current practices, how would the new proposed practices affect Sigma's profits...","Choices":{"1":{"Display":"Much more profitable to keep current practices<br>(-3)"},"2":{"Display":"(-2)"},"3":{"Display":"(-1)"},"4":{"Display":"No difference<br>(0)"},"5":{"Display":"(1)"},"6":{"Display":"(2)"},"7":{"Display":"Much more profitable to adopt new practices<br>(3)"}},"ChoiceOrder":[1,2,3,4,5,6,7],"Validation":{"Settings":{"ForceResponse":"RequestResponse","ForceResponseType":"RequestResponse","Type":"None"}},"GradingData":[],"Language":[],"NextChoiceId":8,"NextAnswerId":1,"QuestionID":"QID11","RecodeValues":{"1":"-3","2":"-2","3":"-1","4":"0","5":"1","6":"2","7":"3"}}},{"SurveyID":"SV_3UWpl6TFQugIDpc","Element":"SQ","PrimaryAttribute":"QID30","SecondaryAttribute":"Is it morally acceptable for Janet to spend her time building houses and helping her mother?","TertiaryAttribute":null,"Payload":{"QuestionText":"Is it morally acceptable for Janet to spend her time building houses and helping her mother?","QuestionType":"MC","Selector":"SAVR","SubSelector":"TX","Configuration":{"QuestionDescriptionOption":"UseText","Autoscale":{"YScale":{"Name":"yesNo","Type":"likert","Reverse":false}}},"QuestionDescription":"Is it morally acceptable for Janet to spend her time building houses and helping her mother?","Choices":{"1":{"Display":"No"},"2":{"Display":"Yes"}},"ChoiceOrder":[1,2],"Validation":{"Settings":{"ForceResponse":"RequestResponse","ForceResponseType":"RequestResponse","Type":"None"}},"Language":[],"NextChoiceId":3,"NextAnswerId":1,"RecodeValues":{"1":"1","2":"2"},"QuestionText_Unsafe":"Is it morally acceptable for Janet to spend her time building houses to help more people at the expense of helping her mother?","DataVisibility":{"Private":false,"Hidden":false},"DataExportTag":"moral_accept1","QuestionID":"QID30"}},{"SurveyID":"SV_3UWpl6TFQugIDpc","Element":"SQ","PrimaryAttribute":"QID28","SecondaryAttribute":"Is it morally acceptable for Janet to spend her time building houses to help more people at the e...","TertiaryAttribute":null,"Payload":{"QuestionText":"Is it morally acceptable for Janet to spend her time building houses to help more people at the expense of helping her mother?","QuestionType":"MC","Selector":"SAVR","SubSelector":"TX","Configuration":{"QuestionDescriptionOption":"UseText","Autoscale":{"YScale":{"Name":"yesNo","Type":"likert","Reverse":false}}},"QuestionDescription":"Is it morally acceptable for Janet to spend her time building houses to help more people at the e...","Choices":{"1":{"Display":"No"},"2":{"Display":"Yes"}},"ChoiceOrder":[1,2],"Validation":{"Settings":{"ForceResponse":"RequestResponse","ForceResponseType":"RequestResponse","Type":"None"}},"Language":[],"NextChoiceId":3,"NextAnswerId":1,"RecodeValues":{"1":"1","2":"2"},"QuestionText_Unsafe":"Is it morally acceptable that Leo decides to put a pacifier in the baby's mouth to save his five other children?","DataVisibility":{"Private":false,"Hidden":false},"DataExportTag":"moral_accept","QuestionID":"QID28"}},{"SurveyID":"SV_3UWpl6TFQugIDpc","Element":"SQ","PrimaryAttribute":"QID26","SecondaryAttribute":"Is it morally acceptable that Leo decides to put a pacifier in the baby's mouth to save his five...","TertiaryAttribute":null,"Payload":{"QuestionText":"Is it morally acceptable that Leo decides to put a pacifier in the baby's mouth to save his five other children?","QuestionType":"MC","Selector":"SAVR","SubSelector":"TX","Configuration":{"QuestionDescriptionOption":"UseText","Autoscale":{"YScale":{"Name":"yesNo","Type":"likert","Reverse":false}}},"QuestionDescription":"Is it morally acceptable that Leo decides to put a pacifier in the baby's mouth to save his five...","Choices":{"1":{"Display":"No"},"2":{"Display":"Yes"}},"ChoiceOrder":[1,2],"Validation":{"Settings":{"ForceResponse":"RequestResponse","ForceResponseType":"RequestResponse","Type":"None"}},"Language":[],"NextChoiceId":3,"NextAnswerId":1,"RecodeValues":{"1":"1","2":"2"},"QuestionText_Unsafe":"Is it morally acceptable that Leo decides to smother his baby in order to save his five other children?","DataExportTag":"moral_accpet1","QuestionID":"QID26","DataVisibility":{"Private":false,"Hidden":false}}},{"SurveyID":"SV_3UWpl6TFQugIDpc","Element":"SQ","PrimaryAttribute":"QID24","SecondaryAttribute":"Is it morally acceptable that Leo decides to smother his baby in order to save his five other chi...","TertiaryAttribute":null,"Payload":{"QuestionText":"Is it morally acceptable that Leo decides to smother his baby in order to save his five other children?","DataExportTag":"moral_acept","QuestionType":"MC","Selector":"SAVR","SubSelector":"TX","Configuration":{"QuestionDescriptionOption":"UseText","Autoscale":{"YScale":{"Name":"yesNo","Type":"likert","Reverse":false}}},"QuestionDescription":"Is it morally acceptable that Leo decides to smother his baby in order to save his five other chi...","Choices":{"1":{"Display":"No"},"2":{"Display":"Yes"}},"ChoiceOrder":[1,2],"Validation":{"Settings":{"ForceResponse":"RequestResponse","ForceResponseType":"RequestResponse","Type":"None"}},"Language":[],"NextChoiceId":3,"NextAnswerId":1,"QuestionID":"QID24","RecodeValues":{"1":"1","2":"2"}}},{"SurveyID":"SV_3UWpl6TFQugIDpc","Element":"SQ","PrimaryAttribute":"QID20","SecondaryAttribute":"Is there anything else you would like to share with us about your experience taking the survey?","TertiaryAttribute":null,"Payload":{"QuestionText":"Is there anything else you would like to share with us about your experience taking the survey?","DefaultChoices":false,"DataExportTag":"open","QuestionType":"TE","Selector":"ESTB","DataVisibility":{"Private":false,"Hidden":false},"Configuration":{"QuestionDescriptionOption":"UseText"},"QuestionDescription":"Is there anything else you would like to share with us about your experience taking the survey?","Validation":{"Settings":{"ForceResponse":"RequestResponse","ForceResponseType":"RequestResponse","Type":"None"}},"GradingData":[],"Language":[],"NextChoiceId":4,"NextAnswerId":1,"SearchSource":{"AllowFreeResponse":"false"},"QuestionID":"QID20"}},{"SurveyID":"SV_3UWpl6TFQugIDpc","Element":"SQ","PrimaryAttribute":"QID27","SecondaryAttribute":"Janet\u2019s mother is feeling really lonely and would like Janet to come and spend the day with her...","TertiaryAttribute":null,"Payload":{"QuestionText":"Janet\u2019s mother is feeling really lonely and would like Janet to come and spend the day with her. Janet is an engineer who had planned on using the day to volunteer for an organization that helps communities after natural disasters and other emergencies. After recent flooding across the region that has left many homeless, the organization is seeking volunteers to help re-build the damaged houses. As an engineer, Janet could use her specialist skills to aid in the rebuilding of a house to help a whole family in need for a long period, rather than cheering up her mother for one day.<div><br><\/div><div>Janet decides to volunteer to build houses instead of spending the time cheering up her mother. She reasons that by volunteering she has the chance to bring about more happiness for more people, and this is more important than any duties she has to her mother. <br><\/div>","DefaultChoices":false,"QuestionType":"DB","Selector":"TB","Configuration":{"QuestionDescriptionOption":"UseText"},"QuestionDescription":"Janet\u2019s mother is feeling really lonely and would like Janet to come and spend the day with her....","ChoiceOrder":[],"Validation":{"Settings":{"Type":"None"}},"GradingData":[],"Language":[],"NextChoiceId":4,"NextAnswerId":1,"QuestionText_Unsafe":"Leo is a civilian during war. He and his six children are hidden in the cellar of their house. If the enemy sees them, they will all be captured and tortured. The youngest child is still a baby. Enemy soldiers are searching the house when the baby starts to cry. Leo gave the baby a pacifier so that the noise does not attract the enemy soldiers\u2019 attention. The only possibility for Leo not to get caught with his children is to leave the pacifier in the baby\u2019s mouth).","DataVisibility":{"Private":false,"Hidden":false},"DataExportTag":"ib_conflict","QuestionID":"QID27"}},{"SurveyID":"SV_3UWpl6TFQugIDpc","Element":"SQ","PrimaryAttribute":"QID29","SecondaryAttribute":"Janet\u2019s mother is feeling really lonely and would like Janet to come and spend the day with her...","TertiaryAttribute":null,"Payload":{"QuestionText":"Janet\u2019s mother is feeling really lonely and would like Janet to come and spend the day with her. Janet is an engineer who had planned on using the day to volunteer for an organization that helps communities after natural disasters and other emergencies. After recent flooding across the region that has left many homeless, the organization is seeking volunteers to help re-build the damaged houses. As an engineer, Janet could use her specialist skills to aid in the rebuilding of a house to help a whole family in need for a long period, rather than cheering up her mother for one day.<div><br><\/div><div>Janet decides to volunteer to build houses, and then spend time with her mother <br><\/div>","DefaultChoices":false,"QuestionType":"DB","Selector":"TB","Configuration":{"QuestionDescriptionOption":"UseText"},"QuestionDescription":"Janet\u2019s mother is feeling really lonely and would like Janet to come and spend the day with her....","ChoiceOrder":[],"Validation":{"Settings":{"Type":"None"}},"GradingData":[],"Language":[],"NextChoiceId":4,"NextAnswerId":1,"QuestionText_Unsafe":"Janet\u2019s mother is feeling really lonely and would like Janet to come and spend the day with her. Janet is an engineer who had planned on using the day to volunteer for an organization that helps communities after natural disasters and other emergencies. After recent flooding across the region that has left many homeless, the organization is seeking volunteers to help re-build the damages houses. As an engineer, Janet could use her specialist skills to aid in the rebuilding of a house to help a whole family in need for a long period, rather than cheering up her mother for one day.<div><br><\/div><div>Janet decides to volunteer to build houses instead of spending the time cheering up her mother. She reasons that by volunteering she has the chance to bring about more happiness for more people, and this is more important than any duties she has to her mother. <br><\/div>","DataVisibility":{"Private":false,"Hidden":false},"DataExportTag":"ib_noconflict","QuestionID":"QID29"}},{"SurveyID":"SV_3UWpl6TFQugIDpc","Element":"SQ","PrimaryAttribute":"QID23","SecondaryAttribute":"Leo is a civilian during war. He and his six children are hidden in the cellar of their house. If...","TertiaryAttribute":null,"Payload":{"QuestionText":"Leo is a civilian during war. He and his six children are hidden in the cellar of their house. If the enemy sees them, they will all be captured and tortured. The youngest child is still a baby. Enemy soldiers are searching the house when the baby starts to cry. Leo puts his hand over the baby\u2019s mouth so that the noise does not attract the enemy soldiers\u2019 attention. The only possibility for Leo not to get caught with his children is to leave his hand on the baby\u2019s mouth, which will deprive him of air for a few minutes and will have serious consequences on his mental and respiratory systems.","DefaultChoices":false,"DataExportTag":"harm_conflict","QuestionID":"QID23","QuestionType":"DB","Selector":"TB","Configuration":{"QuestionDescriptionOption":"UseText"},"QuestionDescription":"Leo is a civilian during war. He and his six children are hidden in the cellar of their house. If...","ChoiceOrder":[],"Validation":{"Settings":{"Type":"None"}},"GradingData":[],"Language":[],"NextChoiceId":4,"NextAnswerId":1,"DataVisibility":{"Private":false,"Hidden":false}}},{"SurveyID":"SV_3UWpl6TFQugIDpc","Element":"SQ","PrimaryAttribute":"QID25","SecondaryAttribute":"Leo is a civilian during war. He and his six children are hidden in the cellar of their house. If...","TertiaryAttribute":null,"Payload":{"QuestionText":"Leo is a civilian during war. He and his six children are hidden in the cellar of their house. If the enemy sees them, they will all be captured and tortured. The youngest child is still a baby. Enemy soldiers are searching the house when the baby starts to cry. Leo gave the baby a pacifier so that the noise does not attract the enemy soldiers\u2019 attention. The only possibility for Leo not to get caught with his children is to leave the pacifier in the baby\u2019s mouth).","DefaultChoices":false,"QuestionType":"DB","Selector":"TB","Configuration":{"QuestionDescriptionOption":"UseText"},"QuestionDescription":"Leo is a civilian during war. He and his six children are hidden in the cellar of their house. If...","ChoiceOrder":[],"Validation":{"Settings":{"Type":"None"}},"GradingData":[],"Language":[],"NextChoiceId":4,"NextAnswerId":1,"QuestionText_Unsafe":"Leo is a civilian during war. He and his six children are hidden in the cellar of their house. If the enemy sees them, they will all be captured and tortured. The youngest child is still a baby. Enemy soldiers are searching the house when the baby starts to cry. Leo puts his hand over the baby\u2019s mouth so that the noise does not attract the enemy soldiers\u2019 attention. The only possibility for Leo not to get caught with his children is to leave his hand on the baby\u2019s mouth, which will deprive him of air for a few minutes and will have serious consequences on his mental and respiratory systems.","DataExportTag":"harm_noconflict","QuestionID":"QID25","DataVisibility":{"Private":false,"Hidden":false}}},{"SurveyID":"SV_3UWpl6TFQugIDpc","Element":"SQ","PrimaryAttribute":"QID1","SecondaryAttribute":"Morality and MortalityInformed Consent We are asking you to participate in a research study title...","TertiaryAttribute":null,"Payload":{"QuestionText":"<div style=\"text-align: center;\"><span style=\"font-size:12pt\"><span style=\"font-family:&quot;Times New Roman&quot;,serif\"><b><span style=\"font-family:&quot;Calibri&quot;,sans-serif\">Morality and Mortality<\/span><\/b><\/span><\/span><br>\n<span style=\"font-size:12pt\"><span style=\"font-family:&quot;Times New Roman&quot;,serif\"><b><span style=\"font-family:&quot;Calibri&quot;,sans-serif\">Informed Consent<\/span><\/b><\/span><\/span><\/div>\n\n<div style=\"text-align: left;\"><br>\n<span style=\"font-size:12pt\"><span style=\"font-family:&quot;Times New Roman&quot;,serif\"><span style=\"font-family:&quot;Calibri&quot;,sans-serif\">We are asking you to participate in a research study titled \u201cMorality and Mortality\u201d. We will describe this study to you and answer any of your questions. This study is being led by Zachariah Berry, Department of Organizational Behavior at Cornell University. The Faculty Advisor for this study is<b> <\/b>Brian Lucas, Department of Organizational Behavior at Cornell University.<\/span><\/span><\/span><br>\n<span style=\"font-size:12pt\"><span style=\"font-family:&quot;Times New Roman&quot;,serif\"><i><span style=\"font-family:&quot;Calibri&quot;,sans-serif\">&nbsp;&nbsp;&nbsp;&nbsp;&nbsp;&nbsp;&nbsp;&nbsp;&nbsp;&nbsp;&nbsp; <\/span><\/i><\/span><\/span><br>\n<span style=\"font-size:12pt\"><span style=\"font-family:&quot;Times New Roman&quot;,serif\"><strong><span style=\"font-family:&quot;Calibri&quot;,sans-serif\">What the study is about<\/span><\/strong><\/span><\/span><br>\n<span style=\"font-size:12pt\"><span style=\"font-family:&quot;Times New Roman&quot;,serif\"><span style=\"font-family:&quot;Calibri&quot;,sans-serif\">The purpose of this research is to gain better insight into the psychology of moral judgments.<\/span><\/span><\/span><br>\n<br>\n<span style=\"font-size:12pt\"><span style=\"font-family:&quot;Times New Roman&quot;,serif\"><strong><span style=\"font-family:&quot;Calibri&quot;,sans-serif\">Funding Disclosure<\/span><\/strong><\/span><\/span><br>\n<span style=\"font-size:12pt\"><span style=\"font-family:&quot;Times New Roman&quot;,serif\"><strong><span style=\"font-family:&quot;Calibri&quot;,sans-serif\"><span style=\"font-weight:normal\">This project is sponsored by the Department of Defense through an award to the Center for Open Science.<\/span><\/span><\/strong><\/span><\/span><br>\n<br>\n<span style=\"font-size:12pt\"><span style=\"font-family:&quot;Times New Roman&quot;,serif\"><b><span style=\"font-family:&quot;Calibri&quot;,sans-serif\">What we will ask you to do<\/span><\/b><\/span><\/span><br>\n<span style=\"font-size:12pt\"><span style=\"font-family:&quot;Times New Roman&quot;,serif\"><span style=\"font-family:&quot;Calibri&quot;,sans-serif\">You will read a few scenarios and rate the morality of the actor in each scenario.<\/span><\/span><\/span><br>\n<br>\n<span style=\"font-size:12pt\"><span style=\"font-family:&quot;Times New Roman&quot;,serif\"><strong><span style=\"font-family:&quot;Calibri&quot;,sans-serif\">Risks and discomforts<\/span><\/strong><\/span><\/span><br>\n<span style=\"font-size:12pt\"><span style=\"font-family:&quot;Times New Roman&quot;,serif\"><strong><span style=\"font-family:&quot;Calibri&quot;,sans-serif\"><span style=\"font-weight:normal\">We do not anticipate any risks from participating in this research.<\/span><\/span><\/strong><\/span><\/span><br>\n<br>\n<span style=\"font-size:12pt\"><span style=\"font-family:&quot;Times New Roman&quot;,serif\"><strong><span style=\"font-family:&quot;Calibri&quot;,sans-serif\">Benefits <\/span><\/strong><\/span><\/span><br>\n<span style=\"font-size:12pt\"><span style=\"font-family:&quot;Times New Roman&quot;,serif\"><strong><span style=\"font-family:&quot;Calibri&quot;,sans-serif\"><span style=\"font-weight:normal\">Though there may not be direct benefits to you, your participation will help us to understand how people think about harassment in the workplace.<\/span><\/span><\/strong><\/span><\/span><br>\n<br>\n<span style=\"font-size:12pt\"><span style=\"font-family:&quot;Times New Roman&quot;,serif\"><strong><span style=\"font-family:&quot;Calibri&quot;,sans-serif\">Compensation for participation <\/span><\/strong><\/span><\/span><br>\n<span style=\"font-size:12pt\"><span style=\"font-family:&quot;Times New Roman&quot;,serif\"><span style=\"font-family:&quot;Calibri&quot;,sans-serif\">You will be compensated based on how long we expect you to take to complete the study, at a rate of $.20\/minute.<\/span><\/span><\/span><br>\n<br>\n<span style=\"font-size:12pt\"><span style=\"font-family:&quot;Times New Roman&quot;,serif\"><strong><span style=\"font-family:&quot;Calibri&quot;,sans-serif\">Privacy\/Confidentiality\/Data Security<\/span><\/strong><\/span><\/span><br>\n<span style=\"font-size:12pt\"><span style=\"font-family:&quot;Times New Roman&quot;,serif\"><span style=\"font-family:&quot;Calibri&quot;,sans-serif\">Your name will not be associated with your responses or with the study. The results of this study may be used in reports, presentations and publications; you will not be identified. Data will be stored at Cornell University and will only be accessible to researchers. Although data will be stored in Cornell\u2019s secure cloud location, there is a chance that a data breach could compromise the anonymity of your personal data.<\/span><\/span><\/span><br>\n<br>\n<span style=\"font-size:12pt\"><span style=\"text-autospace:none\"><span style=\"font-family:&quot;Times New Roman&quot;,serif\"><span style=\"font-family:&quot;Calibri&quot;,sans-serif\">We anticipate that your participation in this survey presents no greater risk than everyday life.<\/span><\/span><\/span><\/span><br>\n<br>\n<span style=\"font-size:12pt\"><span style=\"font-family:&quot;Times New Roman&quot;,serif\"><strong><span style=\"font-family:&quot;Calibri&quot;,sans-serif\">Sharing De-identified Data Collected in this Research <\/span><\/strong><\/span><\/span><br>\n<span style=\"font-size:12pt\"><span style=\"vertical-align:middle\"><span style=\"font-family:&quot;Times New Roman&quot;,serif\"><span style=\"font-family:&quot;Calibri&quot;,sans-serif\"><span style=\"color:black\">De-identified data from this study may be shared with the research community at large to advance science and health. We will remove or code any personal information that could identify you before files are shared with other researchers to ensure that, by current scientific standards and known methods, no one will be able to identify you from the information we share. Despite these measures, we cannot guarantee anonymity of your personal data.<\/span><\/span><\/span><\/span><\/span><br>\n<br>\n<span style=\"font-size:12pt\"><span style=\"background:white\"><span style=\"font-family:&quot;Times New Roman&quot;,serif\"><span style=\"background:white\"><span style=\"font-family:&quot;Calibri&quot;,sans-serif\"><span style=\"color:black\">Authorized representatives from the Department of the Defense Human Research <\/span><\/span><\/span><span style=\"font-family:&quot;Calibri&quot;,sans-serif\"><span style=\"color:black\">Protection Program may review and\/or obtain information related to your participation in this research study as part of their responsibility to protect human research subject volunteers.<\/span><\/span><\/span><\/span><\/span><br>\n<br>\n<span style=\"font-size:12pt\"><span style=\"font-family:&quot;Times New Roman&quot;,serif\"><strong><span style=\"font-family:&quot;Calibri&quot;,sans-serif\">About Prolific Privacy Policy<\/span><\/strong><\/span><\/span><br>\n<span style=\"font-size:12pt\"><span style=\"font-family:&quot;Times New Roman&quot;,serif\"><span style=\"font-family:&quot;Calibri&quot;,sans-serif\">We are committed to safeguarding the privacy of our website visitors, service users and other individuals with whom we deal. This Notice sets out information about how we use, store and transfer personal data relating to those individuals. We are a data controller in relation to that personal data, which means we determine the purposes and means of the processing of that personal data. 1.2 This Notice also contains our cookies policy. We will ask you to consent to our use of cookies in accordance with the terms of this Notice when you first visit our website. <\/span><a href=\"https:\/\/www.prolific.co\/assets\/docs\/Prolific_privacy-policy.pdf\" style=\"color:navy; text-decoration:underline\"><span style=\"font-family:&quot;Calibri&quot;,sans-serif\">https:\/\/www.prolific.co\/assets\/docs\/Prolific_privacy-policy.pdf<\/span><\/a><\/span><\/span><br>\n<br>\n<span style=\"font-size:12pt\"><span style=\"font-family:&quot;Times New Roman&quot;,serif\"><strong><span style=\"font-family:&quot;Calibri&quot;,sans-serif\">Taking part is voluntary<\/span><\/strong><\/span><\/span><br>\n<span style=\"font-size:12pt\"><span style=\"font-family:&quot;Times New Roman&quot;,serif\"><span style=\"font-family:&quot;Calibri&quot;,sans-serif\">Participation in this survey is voluntary. You may refuse to participate before the study begins, discontinue at any time, or skip any questions that make you feel uncomfortable, with no penalty for withdrawing. <\/span><\/span><\/span><br>\n<br>\n<span style=\"font-size:12pt\"><span style=\"font-family:&quot;Times New Roman&quot;,serif\"><strong><span style=\"font-family:&quot;Calibri&quot;,sans-serif\">If you have any questions or concerns, please feel free to contact the researchers at any time. <\/span><\/strong><span style=\"font-family:&quot;Calibri&quot;,sans-serif\">The principal investigator conducting this study is Zachariah Berry, a doctoral student at Cornell University. You may contact him at (<\/span><a href=\"mailto:ztb8@cornell.edu\" style=\"color:navy; text-decoration:underline\"><span style=\"font-family:&quot;Calibri&quot;,sans-serif\">ztb8@cornell.edu<\/span><\/a><span style=\"font-family:&quot;Calibri&quot;,sans-serif\">). You may also contact his faculty advisor, Dr. Brian Lucas, a professor at Cornell University (<\/span><a href=\"mailto:bl679@cornell.edu\" style=\"color:navy; text-decoration:underline\"><span style=\"font-family:&quot;Calibri&quot;,sans-serif\">bl679@cornell.edu<\/span><\/a><span style=\"font-family:&quot;Calibri&quot;,sans-serif\">). If you have questions later, you may contact the researchers listed above. If you have any questions or concerns regarding your rights as a subject in this study, you may contact the Institutional Review Board (IRB) for Human Participants at 607-255-5138 or access their website at <\/span><a href=\"http:\/\/www.irb.cornell.edu\/\" style=\"color:navy; text-decoration:underline\"><span style=\"font-family:&quot;Calibri&quot;,sans-serif\">http:\/\/www.irb.cornell.edu<\/span><\/a><span style=\"font-family:&quot;Calibri&quot;,sans-serif\">. You may also report your concerns or complaints anonymously through <\/span><span style=\"font-family:&quot;Calibri&quot;,sans-serif\">Ethicspoint<\/span><span style=\"font-family:&quot;Calibri&quot;,sans-serif\"> online at <\/span><a href=\"http:\/\/www.hotline.cornell.edu\" style=\"color:navy; text-decoration:underline\"><span style=\"font-family:&quot;Calibri&quot;,sans-serif\">www.hotline.cornell.edu<\/span><\/a><span style=\"font-family:&quot;Calibri&quot;,sans-serif\"> or by calling toll free at 1-866-293-3077. Ethicspoint is an independent organization that serves as a liaison between the University and the person bringing the complaint so that anonymity can be ensured.<\/span><\/span><\/span><br>\n<br>\n<span style=\"font-size:12pt\"><span style=\"font-family:&quot;Times New Roman&quot;,serif\"><strong><span style=\"font-family:&quot;Calibri&quot;,sans-serif\">Statement of Consent <\/span><\/strong><\/span><\/span><br>\n<span style=\"font-size:12pt\"><span style=\"font-family:&quot;Times New Roman&quot;,serif\"><span style=\"font-family:&quot;Calibri&quot;,sans-serif\">I have read the above information, and have received answers to any questions I asked. I consent to take part in the study.<\/span><\/span><\/span><br><\/div>","DataExportTag":"Q1","QuestionType":"MC","Selector":"SAVR","SubSelector":"TX","Configuration":{"QuestionDescriptionOption":"UseText"},"QuestionDescription":"Morality and MortalityInformed Consent We are asking you to participate in a research study title...","Choices":{"1":{"Display":"DECLINE and leave study"},"2":{"Display":"AGREE and begin study"}},"ChoiceOrder":[1,2],"Validation":{"Settings":{"ForceResponse":"ON","ForceResponseType":"ON","Type":"None"}},"Language":[],"NextChoiceId":3,"NextAnswerId":1,"QuestionID":"QID1","DataVisibility":{"Private":false,"Hidden":false}}},{"SurveyID":"SV_3UWpl6TFQugIDpc","Element":"SQ","PrimaryAttribute":"QID4","SecondaryAttribute":"Overview \u00a0 In this study you will reflect on some aspect of life and write about it. Then you wil..","TertiaryAttribute":null,"Payload":{"QuestionText":"<div style=\"text-align: center;\"><u><strong>Overview<\/strong><\/u><br>\n&nbsp;<\/div>\n\n<div style=\"text-align: left;\">In this study you will reflect on some aspect of life and write about it. Then you will read 2 scenarios and answer 1 question about each one. The scenarios are similar, but differ in key ways. Please read the scenarios carefully before responding to the question.&nbsp;<\/div>","DefaultChoices":false,"DataExportTag":"overview","QuestionType":"DB","Selector":"TB","Configuration":{"QuestionDescriptionOption":"UseText"},"QuestionDescription":"Overview \u00a0 In this study you will reflect on some aspect of life and write about it. Then you wil...","ChoiceOrder":[],"Validation":{"Settings":{"Type":"None"}},"GradingData":[],"Language":[],"NextChoiceId":4,"NextAnswerId":1,"QuestionID":"QID4","DataVisibility":{"Private":false,"Hidden":false}}},{"SurveyID":"SV_3UWpl6TFQugIDpc","Element":"SQ","PrimaryAttribute":"QID15","SecondaryAttribute":"Please rate your political affiliation overall, on social\/cultural issues, and on economic issues...","TertiaryAttribute":null,"Payload":{"QuestionText":"Please rate your political affiliation overall, on social\/cultural issues, and on economic issues below.<div><br><\/div>","DefaultChoices":false,"DataExportTag":"politic","QuestionType":"Matrix","Selector":"Likert","SubSelector":"SingleAnswer","DataVisibility":{"Private":false,"Hidden":false},"Configuration":{"QuestionDescriptionOption":"UseText","TextPosition":"inline","ChoiceColumnWidth":25,"RepeatHeaders":"none","WhiteSpace":"OFF","MobileFirst":false},"QuestionDescription":"Please rate your political affiliation overall, on social\/cultural issues, and on economic issues...","Choices":{"1":{"Display":"Overall"},"2":{"Display":"Social\/cultural issues"},"3":{"Display":"Economic issues"}},"ChoiceOrder":[1,"2","3"],"Validation":{"Settings":{"ForceResponse":"RequestResponse","ForceResponseType":"RequestResponse","Type":"None"}},"RecodeValues":{"1":"1","2":"2","3":"3","4":"4","5":"5","6":"6","7":"7"},"GradingData":[],"Language":[],"NextChoiceId":4,"NextAnswerId":8,"Answers":{"1":{"Display":"Extremely liberal<br> (1)"},"2":{"Display":"(2)"},"3":{"Display":"(3)"},"4":{"Display":"(4)"},"5":{"Display":"(5)"},"6":{"Display":"(6)"},"7":{"Display":"Extremely conservative<br> (7)"}},"AnswerOrder":["1","2","3","4","5","6","7"],"ChoiceDataExportTags":{"1":"politic_1","2":"politic_2","3":"politic_3"},"QuestionID":"QID15"}},{"SurveyID":"SV_3UWpl6TFQugIDpc","Element":"SQ","PrimaryAttribute":"QID14","SecondaryAttribute":"Please select or enter your gender.","TertiaryAttribute":null,"Payload":{"QuestionText":"Please select or enter your gender.","DefaultChoices":false,"DataExportTag":"gender","QuestionType":"MC","Selector":"SAVR","SubSelector":"TX","DataVisibility":{"Private":false,"Hidden":false},"Configuration":{"QuestionDescriptionOption":"UseText"},"QuestionDescription":"Please select or enter your gender.","Choices":{"1":{"Display":"Female"},"2":{"Display":"Male"},"3":{"Display":"Gender Text Entry","TextEntry":"true"}},"ChoiceOrder":[1,2,"3"],"Validation":{"Settings":{"ForceResponse":"RequestResponse","ForceResponseType":"RequestResponse","Type":"None"}},"RecodeValues":{"1":"1","2":"2","3":"3"},"GradingData":[],"Language":[],"NextChoiceId":4,"NextAnswerId":1,"QuestionID":"QID14"}},{"SurveyID":"SV_3UWpl6TFQugIDpc","Element":"SQ","PrimaryAttribute":"QID13","SecondaryAttribute":"Please state your age in years? (e.g. 22, 46, et cetera).","TertiaryAttribute":null,"Payload":{"QuestionText":"Please state your age in years? (e.g. 22, 46, et cetera).","DefaultChoices":false,"DataExportTag":"age","QuestionType":"TE","Selector":"SL","DataVisibility":{"Private":false,"Hidden":false},"Configuration":{"QuestionDescriptionOption":"UseText","InputWidth":90},"QuestionDescription":"Please state your age in years? (e.g. 22, 46, et cetera).","Validation":{"Settings":{"ForceResponse":"RequestResponse","ForceResponseType":"RequestResponse","Type":"None"}},"GradingData":[],"Language":[],"NextChoiceId":1,"NextAnswerId":1,"SearchSource":{"AllowFreeResponse":"false"},"QuestionID":"QID13"}},{"SurveyID":"SV_3UWpl6TFQugIDpc","Element":"SQ","PrimaryAttribute":"QID3","SecondaryAttribute":"Please type the letter on the Apple into the box below.","TertiaryAttribute":null,"Payload":{"QuestionText":"<div>Please type the letter on the Apple into the box below.<\/div><div><br><\/div><img src=\"https:\/\/cornell.ca1.qualtrics.com\/CP\/Graphic.php?IM=IM_1KSZ68pWb5ycVG5\" style=\"width: 500px; height: 304px;\">","DefaultChoices":false,"DataExportTag":"attn","QuestionType":"TE","Selector":"SL","DataVisibility":{"Private":false,"Hidden":false},"Configuration":{"QuestionDescriptionOption":"UseText"},"QuestionDescription":"Please type the letter on the Apple into the box below.","Validation":{"Settings":{"ForceResponse":"ON","ForceResponseType":"ON","Type":"None"}},"GradingData":[],"Language":[],"NextChoiceId":4,"NextAnswerId":1,"SearchSource":{"AllowFreeResponse":"false"},"QuestionID":"QID3"}},{"SurveyID":"SV_3UWpl6TFQugIDpc","Element":"SQ","PrimaryAttribute":"QID5","SecondaryAttribute":"Scenario An executive at the firm has submitted a proposal recommending a reduced investment in s...","TertiaryAttribute":null,"Payload":{"QuestionText":"<div style=\"text-align: center;\"><span style=\"font-size:12pt\"><span style=\"font-family:Calibri,sans-serif\"><u><strong>Scenario<\/strong><\/u><\/span><\/span><\/div>\n\n<div style=\"text-align: left;\"><br>\n<span style=\"font-size:12pt\"><span style=\"font-family:Calibri,sans-serif\">An executive at the firm has submitted a proposal recommending a reduced investment in socially responsible practices.<\/span><\/span><br>\n<br>\n<span style=\"font-size:12pt\"><span style=\"font-family:Calibri,sans-serif\">In particular, compared to Sigma\u2019s current practices, the proposal calls for lower levels of service quality, lower safety standards, and the use of potentially deceptive marketing practices. Under the new plan, Sigma would also decrease employee pay and worsen its impact on the environment.<\/span><\/span><br>\n<br>\n<span style=\"font-size:12pt\"><span style=\"font-family:Calibri,sans-serif\">Though Sigma\u2019s current practices are close to the overall industry average, the new proposal recommends practices that would be less socially responsible than 82% of firms in the industry.<\/span><\/span><\/div>\n\n<div style=\"text-align: left;\"><br>\n<span style=\"font-size:12pt\"><span style=\"font-family:Calibri,sans-serif\">Sigma Industries is a for-profit corporation that provides casual dining and catering services. Sigma is considering entering the market in a new region, which would involve changes to their current operations.<\/span><\/span><\/div>","DefaultChoices":false,"DataExportTag":"no_prompt","QuestionType":"DB","Selector":"TB","Configuration":{"QuestionDescriptionOption":"UseText"},"QuestionDescription":"Scenario An executive at the firm has submitted a proposal recommending a reduced investment in s...","ChoiceOrder":[],"Validation":{"Settings":{"Type":"None"}},"GradingData":[],"Language":[],"NextChoiceId":4,"NextAnswerId":1,"QuestionID":"QID5","DataVisibility":{"Private":false,"Hidden":false},"DisplayLogic":{"0":{"0":{"LogicType":"EmbeddedField","LeftOperand":"cond","Operator":"EqualTo","RightOperand":"1","Type":"Expression","Description":"<span class=\"ConjDesc\">If<\/span>  <span class=\"LeftOpDesc\">cond<\/span> <span class=\"OpDesc\">Is Equal to<\/span> <span class=\"RightOpDesc\"> 1 <\/span>"},"Type":"If"},"Type":"BooleanExpression","inPage":false}}},{"SurveyID":"SV_3UWpl6TFQugIDpc","Element":"SQ","PrimaryAttribute":"QID6","SecondaryAttribute":"Scenario An executive at the firm has submitted a proposal recommending a reduced investment in s...","TertiaryAttribute":null,"Payload":{"QuestionText":"<div style=\"text-align: center;\"><span style=\"font-size:12pt\"><span style=\"font-family:Calibri,sans-serif\"><u><strong>Scenario<\/strong><\/u><\/span><\/span><\/div>\n\n<div style=\"text-align: left;\"><br>\n<span style=\"font-size:12pt\"><span style=\"font-family:Calibri,sans-serif\">An executive at the firm has submitted a proposal recommending a reduced investment in socially responsible practices.<\/span><\/span><br>\n<br>\n<span style=\"font-size:12pt\"><span style=\"font-family:Calibri,sans-serif\">In particular, compared to Sigma\u2019s current practices, the proposal calls for lower levels of service quality, lower safety standards, and the use of potentially deceptive marketing practices. Under the new plan, Sigma would also decrease employee pay and worsen its impact on the environment.<\/span><\/span><br>\n<br>\n<span style=\"font-size:12pt\"><span style=\"font-family:Calibri,sans-serif\">Though Sigma\u2019s current practices are close to the overall industry average, the new proposal recommends practices that would be less socially responsible than 82% of firms in the industry.<\/span><\/span><br>\n<br>\n<span style=\"font-size:12pt\"><span style=\"font-family:Calibri,sans-serif\">Firms in this region operate within separate geographical areas and face very little competition. Accordingly, consumers have very few choices between competing firms. Firms in this industry rarely fail when consumers are dissatisfied.<\/span><\/span><\/div>\n\n<div style=\"text-align: left;\"><br>\n<span style=\"font-size:12pt\"><span style=\"font-family:Calibri,sans-serif\">Sigma Industries is a for-profit corporation that provides casual dining and catering services. Sigma is considering entering the market in a new region, which would involve changes to their current operations.<\/span><\/span><\/div>","DefaultChoices":false,"DataExportTag":"weak_comp","QuestionID":"QID6","QuestionType":"DB","Selector":"TB","Configuration":{"QuestionDescriptionOption":"UseText"},"QuestionDescription":"Scenario An executive at the firm has submitted a proposal recommending a reduced investment in s...","ChoiceOrder":[],"Validation":{"Settings":{"Type":"None"}},"GradingData":[],"Language":[],"NextChoiceId":4,"NextAnswerId":1,"DataVisibility":{"Private":false,"Hidden":false},"DisplayLogic":{"0":{"0":{"LogicType":"EmbeddedField","LeftOperand":"cond","Operator":"EqualTo","RightOperand":"2","Type":"Expression","Description":"<span class=\"ConjDesc\">If<\/span>  <span class=\"LeftOpDesc\">cond<\/span> <span class=\"OpDesc\">Is Equal to<\/span> <span class=\"RightOpDesc\"> 2 <\/span>"},"Type":"If"},"Type":"BooleanExpression","inPage":false}}},{"SurveyID":"SV_3UWpl6TFQugIDpc","Element":"SQ","PrimaryAttribute":"QID7","SecondaryAttribute":"Scenario An executive at the firm has submitted a proposal recommending a reduced investment in s...","TertiaryAttribute":null,"Payload":{"QuestionText":"<div style=\"text-align: center;\"><span style=\"font-size:12pt\"><span style=\"font-family:Calibri,sans-serif\"><strong><u>Scenario<\/u><\/strong><\/span><\/span><\/div>\n\n<div style=\"text-align: left;\"><br>\n<span style=\"font-size:12pt\"><span style=\"font-family:Calibri,sans-serif\">An executive at the firm has submitted a proposal recommending a reduced investment in socially responsible practices.<\/span><\/span><br>\n<br>\n<span style=\"font-size:12pt\"><span style=\"font-family:Calibri,sans-serif\">In particular, compared to Sigma\u2019s current practices, the proposal calls for lower levels of service quality, lower safety standards, and the use of potentially deceptive marketing practices. Under the new plan, Sigma would also decrease employee pay and worsen its impact on the environment.<\/span><\/span><br>\n<br>\n<span style=\"font-size:12pt\"><span style=\"font-family:Calibri,sans-serif\">Though Sigma\u2019s current practices are close to the overall industry average, the new proposal recommends practices that would be less socially responsible than 82% of firms in the industry.<\/span><\/span><br>\n<br>\n<span style=\"font-size:12pt\"><span style=\"font-family:Calibri,sans-serif\">Firms in this region operate within the same geographical area and face very strong competition. Accordingly, consumers have very many choices between competing firms. Firms in this industry often fail when consumers are dissatisfied.<\/span><\/span><\/div>\n<br>\n<span style=\"font-size:12pt\"><span style=\"font-family:Calibri,sans-serif\">Sigma Industries is a for-profit corporation that provides casual dining and catering services. Sigma is considering entering the market in a new region, which would involve changes to their current operations.<\/span><\/span>","DefaultChoices":false,"DataExportTag":"strong_comp","QuestionID":"QID7","QuestionType":"DB","Selector":"TB","Configuration":{"QuestionDescriptionOption":"UseText"},"QuestionDescription":"Scenario An executive at the firm has submitted a proposal recommending a reduced investment in s...","ChoiceOrder":[],"Validation":{"Settings":{"Type":"None"}},"GradingData":[],"Language":[],"NextChoiceId":4,"NextAnswerId":1,"DataVisibility":{"Private":false,"Hidden":false},"DisplayLogic":{"0":{"0":{"LogicType":"EmbeddedField","LeftOperand":"cond","Operator":"EqualTo","RightOperand":"3","Type":"Expression","Description":"<span class=\"ConjDesc\">If<\/span>  <span class=\"LeftOpDesc\">cond<\/span> <span class=\"OpDesc\">Is Equal to<\/span> <span class=\"RightOpDesc\"> 3 <\/span>"},"Type":"If"},"Type":"BooleanExpression","inPage":false}}},{"SurveyID":"SV_3UWpl6TFQugIDpc","Element":"SQ","PrimaryAttribute":"QID8","SecondaryAttribute":"Scenario An executive at the firm has submitted a proposal recommending a reduced investment in s...","TertiaryAttribute":null,"Payload":{"QuestionText":"<div style=\"text-align: center;\"><span style=\"color:#bdc3c7;\"><span style=\"font-size:12pt\"><span style=\"font-family:Calibri,sans-serif\"><u><strong>Scenario<\/strong><\/u><\/span><\/span><\/span><\/div>\n\n<div style=\"text-align: left;\"><br \/>\n<span style=\"color:#bdc3c7;\"><span style=\"font-size:12pt\"><span style=\"font-family:Calibri,sans-serif\">An executive at the firm has submitted a proposal recommending a reduced investment in socially responsible practices.<\/span><\/span><br \/>\n<br \/>\n<span style=\"font-size:12pt\"><span style=\"font-family:Calibri,sans-serif\">In particular, compared to Sigma&rsquo;s current practices, the proposal calls for lower levels of service quality, lower safety standards, and the use of potentially deceptive marketing practices. Under the new plan, Sigma would also decrease employee pay and worsen its impact on the environment.<\/span><\/span><br \/>\n<br \/>\n<span style=\"font-size:12pt\"><span style=\"font-family:Calibri,sans-serif\">Though Sigma&rsquo;s current practices are close to the overall industry average, the new proposal recommends practices that would be less socially responsible than 82% of firms in the industry.<\/span><\/span><\/span><\/div>\n\n<div style=\"text-align: left;\"><br \/>\n<span style=\"color:#bdc3c7;\"><span style=\"font-size:12pt\"><span style=\"font-family:Calibri,sans-serif\">Sigma Industries is a for-profit corporation that provides casual dining and catering services. Sigma is considering entering the market in a new region, which would involve changes to their current operations.<\/span><\/span><\/span><\/div>","DefaultChoices":false,"QuestionType":"DB","Selector":"TB","Configuration":{"QuestionDescriptionOption":"UseText"},"QuestionDescription":"Scenario An executive at the firm has submitted a proposal recommending a reduced investment in s...","ChoiceOrder":[],"Validation":{"Settings":{"Type":"None"}},"GradingData":[],"Language":[],"NextChoiceId":4,"NextAnswerId":1,"QuestionText_Unsafe":"<div style=\"text-align: center;\"><span style=\"font-size:12pt\"><span style=\"font-family:Calibri,sans-serif\"><u><strong>Scenario<\/strong><\/u><\/span><\/span><\/div>\n\n<div style=\"text-align: left;\"><br>\n<span style=\"font-size:12pt\"><span style=\"font-family:Calibri,sans-serif\">An executive at the firm has submitted a proposal recommending a reduced investment in socially responsible practices.<\/span><\/span><br>\n<br>\n<span style=\"font-size:12pt\"><span style=\"font-family:Calibri,sans-serif\">In particular, compared to Sigma\u2019s current practices, the proposal calls for lower levels of service quality, lower safety standards, and the use of potentially deceptive marketing practices. Under the new plan, Sigma would also decrease employee pay and worsen its impact on the environment.<\/span><\/span><br>\n<br>\n<span style=\"font-size:12pt\"><span style=\"font-family:Calibri,sans-serif\">Though Sigma\u2019s current practices are close to the overall industry average, the new proposal recommends practices that would be less socially responsible than 82% of firms in the industry.<\/span><\/span><\/div>\n\n<div style=\"text-align: left;\"><br>\n<span style=\"font-size:12pt\"><span style=\"font-family:Calibri,sans-serif\">Sigma Industries is a for-profit corporation that provides casual dining and catering services. Sigma is considering entering the market in a new region, which would involve changes to their current operations.<\/span><\/span><\/div>","DataExportTag":"Q8","QuestionID":"QID8","DataVisibility":{"Private":false,"Hidden":false},"DisplayLogic":{"0":{"0":{"LogicType":"EmbeddedField","LeftOperand":"cond","Operator":"EqualTo","RightOperand":"1","Type":"Expression","Description":"<span class=\"ConjDesc\">If<\/span>  <span class=\"LeftOpDesc\">cond<\/span> <span class=\"OpDesc\">Is Equal to<\/span> <span class=\"RightOpDesc\"> 1 <\/span>"},"Type":"If"},"Type":"BooleanExpression","inPage":false}}},{"SurveyID":"SV_3UWpl6TFQugIDpc","Element":"SQ","PrimaryAttribute":"QID9","SecondaryAttribute":"Scenario An executive at the firm has submitted a proposal recommending a reduced investment in s...","TertiaryAttribute":null,"Payload":{"QuestionText":"<div style=\"text-align: center;\"><span style=\"color:#bdc3c7;\"><span style=\"font-size:12pt\"><span style=\"font-family:Calibri,sans-serif\"><u><strong>Scenario<\/strong><\/u><\/span><\/span><\/span><\/div>\n\n<div style=\"text-align: left;\"><br \/>\n<span style=\"color:#bdc3c7;\"><span style=\"font-size:12pt\"><span style=\"font-family:Calibri,sans-serif\">An executive at the firm has submitted a proposal recommending a reduced investment in socially responsible practices.<\/span><\/span><br \/>\n<br \/>\n<span style=\"font-size:12pt\"><span style=\"font-family:Calibri,sans-serif\">In particular, compared to Sigma&rsquo;s current practices, the proposal calls for lower levels of service quality, lower safety standards, and the use of potentially deceptive marketing practices. Under the new plan, Sigma would also decrease employee pay and worsen its impact on the environment.<\/span><\/span><br \/>\n<br \/>\n<span style=\"font-size:12pt\"><span style=\"font-family:Calibri,sans-serif\">Though Sigma&rsquo;s current practices are close to the overall industry average, the new proposal recommends practices that would be less socially responsible than 82% of firms in the industry.<\/span><\/span><br \/>\n<br \/>\n<span style=\"font-size:12pt\"><span style=\"font-family:Calibri,sans-serif\">Firms in this region operate within separate geographical areas and face very little competition. Accordingly, consumers have very few choices between competing firms. Firms in this industry rarely fail when consumers are dissatisfied.<\/span><\/span><\/span><\/div>\n\n<div style=\"text-align: left;\"><br \/>\n<span style=\"color:#bdc3c7;\"><span style=\"font-size:12pt\"><span style=\"font-family:Calibri,sans-serif\">Sigma Industries is a for-profit corporation that provides casual dining and catering services. Sigma is considering entering the market in a new region, which would involve changes to their current operations.<\/span><\/span><\/span><\/div>","DefaultChoices":false,"QuestionType":"DB","Selector":"TB","Configuration":{"QuestionDescriptionOption":"UseText"},"QuestionDescription":"Scenario An executive at the firm has submitted a proposal recommending a reduced investment in s...","ChoiceOrder":[],"Validation":{"Settings":{"Type":"None"}},"GradingData":[],"Language":[],"NextChoiceId":4,"NextAnswerId":1,"QuestionText_Unsafe":"<div style=\"text-align: center;\"><span style=\"font-size:12pt\"><span style=\"font-family:Calibri,sans-serif\"><u><strong>Scenario<\/strong><\/u><\/span><\/span><\/div>\n\n<div style=\"text-align: left;\"><br>\n<span style=\"font-size:12pt\"><span style=\"font-family:Calibri,sans-serif\">An executive at the firm has submitted a proposal recommending a reduced investment in socially responsible practices.<\/span><\/span><br>\n<br>\n<span style=\"font-size:12pt\"><span style=\"font-family:Calibri,sans-serif\">In particular, compared to Sigma\u2019s current practices, the proposal calls for lower levels of service quality, lower safety standards, and the use of potentially deceptive marketing practices. Under the new plan, Sigma would also decrease employee pay and worsen its impact on the environment.<\/span><\/span><br>\n<br>\n<span style=\"font-size:12pt\"><span style=\"font-family:Calibri,sans-serif\">Though Sigma\u2019s current practices are close to the overall industry average, the new proposal recommends practices that would be less socially responsible than 82% of firms in the industry.<\/span><\/span><br>\n<br>\n<span style=\"font-size:12pt\"><span style=\"font-family:Calibri,sans-serif\">Firms in this region operate within separate geographical areas and face very little competition. Accordingly, consumers have very few choices between competing firms. Firms in this industry rarely fail when consumers are dissatisfied.<\/span><\/span><\/div>\n\n<div style=\"text-align: left;\"><br>\n<span style=\"font-size:12pt\"><span style=\"font-family:Calibri,sans-serif\">Sigma Industries is a for-profit corporation that provides casual dining and catering services. Sigma is considering entering the market in a new region, which would involve changes to their current operations.<\/span><\/span><\/div>","DataExportTag":"Q9","QuestionID":"QID9","DataVisibility":{"Private":false,"Hidden":false},"DisplayLogic":{"0":{"0":{"LogicType":"EmbeddedField","LeftOperand":"cond","Operator":"EqualTo","RightOperand":"2","Type":"Expression","Description":"<span class=\"ConjDesc\">If<\/span>  <span class=\"LeftOpDesc\">cond<\/span> <span class=\"OpDesc\">Is Equal to<\/span> <span class=\"RightOpDesc\"> 2 <\/span>"},"Type":"If"},"Type":"BooleanExpression","inPage":false}}},{"SurveyID":"SV_3UWpl6TFQugIDpc","Element":"SQ","PrimaryAttribute":"QID10","SecondaryAttribute":"Scenario An executive at the firm has submitted a proposal recommending a reduced investment in s...","TertiaryAttribute":null,"Payload":{"QuestionText":"<div style=\"text-align: center;\"><span style=\"color:#bdc3c7;\"><span style=\"font-size:12pt\"><span style=\"font-family:Calibri,sans-serif\"><strong><u>Scenario<\/u><\/strong><\/span><\/span><\/span><\/div>\n\n<div style=\"text-align: left;\"><br \/>\n<span style=\"color:#bdc3c7;\"><span style=\"font-size:12pt\"><span style=\"font-family:Calibri,sans-serif\">An executive at the firm has submitted a proposal recommending a reduced investment in socially responsible practices.<\/span><\/span><br \/>\n<br \/>\n<span style=\"font-size:12pt\"><span style=\"font-family:Calibri,sans-serif\">In particular, compared to Sigma&rsquo;s current practices, the proposal calls for lower levels of service quality, lower safety standards, and the use of potentially deceptive marketing practices. Under the new plan, Sigma would also decrease employee pay and worsen its impact on the environment.<\/span><\/span><br \/>\n<br \/>\n<span style=\"font-size:12pt\"><span style=\"font-family:Calibri,sans-serif\">Though Sigma&rsquo;s current practices are close to the overall industry average, the new proposal recommends practices that would be less socially responsible than 82% of firms in the industry.<\/span><\/span><br \/>\n<br \/>\n<span style=\"font-size:12pt\"><span style=\"font-family:Calibri,sans-serif\">Firms in this region operate within the same geographical area and face very strong competition. Accordingly, consumers have very many choices between competing firms. Firms in this industry often fail when consumers are dissatisfied.<\/span><\/span><\/span><\/div>\n<br \/>\n<span style=\"color:#bdc3c7;\"><span style=\"font-size:12pt\"><span style=\"font-family:Calibri,sans-serif\">Sigma Industries is a for-profit corporation that provides casual dining and catering services. Sigma is considering entering the market in a new region, which would involve changes to their current operations.<\/span><\/span><\/span>","DefaultChoices":false,"QuestionType":"DB","Selector":"TB","Configuration":{"QuestionDescriptionOption":"UseText"},"QuestionDescription":"Scenario An executive at the firm has submitted a proposal recommending a reduced investment in s...","ChoiceOrder":[],"Validation":{"Settings":{"Type":"None"}},"GradingData":[],"Language":[],"NextChoiceId":4,"NextAnswerId":1,"QuestionText_Unsafe":"<div style=\"text-align: center;\"><span style=\"font-size:12pt\"><span style=\"font-family:Calibri,sans-serif\"><strong><u>Scenario<\/u><\/strong><\/span><\/span><\/div>\n\n<div style=\"text-align: left;\"><br>\n<span style=\"font-size:12pt\"><span style=\"font-family:Calibri,sans-serif\">An executive at the firm has submitted a proposal recommending a reduced investment in socially responsible practices.<\/span><\/span><br>\n<br>\n<span style=\"font-size:12pt\"><span style=\"font-family:Calibri,sans-serif\">In particular, compared to Sigma\u2019s current practices, the proposal calls for lower levels of service quality, lower safety standards, and the use of potentially deceptive marketing practices. Under the new plan, Sigma would also decrease employee pay and worsen its impact on the environment.<\/span><\/span><br>\n<br>\n<span style=\"font-size:12pt\"><span style=\"font-family:Calibri,sans-serif\">Though Sigma\u2019s current practices are close to the overall industry average, the new proposal recommends practices that would be less socially responsible than 82% of firms in the industry.<\/span><\/span><br>\n<br>\n<span style=\"font-size:12pt\"><span style=\"font-family:Calibri,sans-serif\">Firms in this region operate within the same geographical area and face very strong competition. Accordingly, consumers have very many choices between competing firms. Firms in this industry often fail when consumers are dissatisfied.<\/span><\/span><\/div>\n<br>\n<span style=\"font-size:12pt\"><span style=\"font-family:Calibri,sans-serif\">Sigma Industries is a for-profit corporation that provides casual dining and catering services. Sigma is considering entering the market in a new region, which would involve changes to their current operations.<\/span><\/span>","DataExportTag":"Q10","QuestionID":"QID10","DataVisibility":{"Private":false,"Hidden":false},"DisplayLogic":{"0":{"0":{"LogicType":"EmbeddedField","LeftOperand":"cond","Operator":"EqualTo","RightOperand":"3","Type":"Expression","Description":"<span class=\"ConjDesc\">If<\/span>  <span class=\"LeftOpDesc\">cond<\/span> <span class=\"OpDesc\">Is Equal to<\/span> <span class=\"RightOpDesc\"> 3 <\/span>"},"Type":"If"},"Type":"BooleanExpression","inPage":false}}},{"SurveyID":"SV_3UWpl6TFQugIDpc","Element":"SQ","PrimaryAttribute":"QID19","SecondaryAttribute":"What do you think the researchers were hoping to find in this study?","TertiaryAttribute":null,"Payload":{"QuestionText":"What do you think the researchers were hoping to find in this study?","DefaultChoices":false,"DataExportTag":"Q19","QuestionType":"TE","Selector":"ESTB","DataVisibility":{"Private":false,"Hidden":false},"Configuration":{"QuestionDescriptionOption":"UseText"},"QuestionDescription":"What do you think the researchers were hoping to find in this study?","Validation":{"Settings":{"ForceResponse":"RequestResponse","ForceResponseType":"RequestResponse","Type":"None"}},"GradingData":[],"Language":[],"NextChoiceId":4,"NextAnswerId":1,"SearchSource":{"AllowFreeResponse":"false"},"QuestionID":"QID19"}},{"SurveyID":"SV_3UWpl6TFQugIDpc","Element":"SQ","PrimaryAttribute":"QID18","SecondaryAttribute":"What is the highest level of education you have achieved?","TertiaryAttribute":null,"Payload":{"QuestionText":"What is the highest level of education you have achieved?","DataExportTag":"education","QuestionType":"MC","Selector":"SAVR","SubSelector":"TX","DataVisibility":{"Private":false,"Hidden":false},"Configuration":{"QuestionDescriptionOption":"UseText"},"QuestionDescription":"What is the highest level of education you have achieved?","Choices":{"1":{"Display":"Less than a high school diploma"},"2":{"Display":"High school diploma\/GED"},"3":{"Display":"Some college, no degree"},"4":{"Display":"Associates degree"},"5":{"Display":"Bachelors degree"},"6":{"Display":"Masters or Professional degree"},"7":{"Display":"Doctorate (e.g., PhD)"}},"ChoiceOrder":["1","2","3","4","5","6","7"],"Validation":{"Settings":{"ForceResponse":"RequestResponse","ForceResponseType":"RequestResponse","Type":"None"}},"Language":[],"NextChoiceId":8,"NextAnswerId":1,"QuestionID":"QID18"}},{"SurveyID":"SV_3UWpl6TFQugIDpc","Element":"SQ","PrimaryAttribute":"QID16","SecondaryAttribute":"Which ethnic group do you belong to? ","TertiaryAttribute":null,"Payload":{"QuestionText":"Which ethnic group do you belong to?&nbsp;","DefaultChoices":false,"DataExportTag":"race","QuestionType":"MC","Selector":"MAVR","SubSelector":"TX","DataVisibility":{"Private":false,"Hidden":false},"Configuration":{"QuestionDescriptionOption":"UseText"},"QuestionDescription":"Which ethnic group do you belong to? ","Choices":{"1":{"Display":"Black \/ African American"},"2":{"Display":"Asian \/ Asian American \/ Pacific Islander"},"3":{"Display":"White \/ European American"},"4":{"Display":"Latino \/ Hispanic American"},"5":{"Display":"Middle Eastern \/ Arab American"},"6":{"Display":"Native American"},"7":{"Display":"Biracial \/ Mixed Race (please specify)","TextEntry":"true"},"8":{"Display":"Other (please specify)","TextEntry":"true"}},"ChoiceOrder":[1,2,3,4,5,6,7,8],"Validation":{"Settings":{"ForceResponse":"RequestResponse","ForceResponseType":"RequestResponse","Type":"None"}},"GradingData":[],"Language":[],"NextChoiceId":9,"NextAnswerId":1,"QuestionID":"QID16","RecodeValues":{"1":"1","2":"2","3":"3","4":"4","5":"5","6":"6","7":"7","8":"8"}}}]}